
Microsoft Visual Studio Solution File, Format Version 12.00
# Visual Studio 15
VisualStudioVersion = 15.0.27703.2026
MinimumVisualStudioVersion = 10.0.40219.1
Project("{FAE04EC0-301F-11D3-BF4B-00C04F79EFBC}") = "WebApi", "WebApi\WebApi.csproj", "{5FF386EF-BFB4-4233-8A1C-8DF534C7758B}"
EndProject
Project("{FAE04EC0-301F-11D3-BF4B-00C04F79EFBC}") = "Howest", "..\Howest\Howest.csproj", "{94DAA085-3727-4DB2-B459-0048BC16ECF1}"
EndProject
Global
	GlobalSection(SolutionConfigurationPlatforms) = preSolution
		Debug|Any CPU = Debug|Any CPU
		Release|Any CPU = Release|Any CPU
	EndGlobalSection
	GlobalSection(ProjectConfigurationPlatforms) = postSolution
		{5FF386EF-BFB4-4233-8A1C-8DF534C7758B}.Debug|Any CPU.ActiveCfg = Debug|Any CPU
		{5FF386EF-BFB4-4233-8A1C-8DF534C7758B}.Debug|Any CPU.Build.0 = Debug|Any CPU
		{5FF386EF-BFB4-4233-8A1C-8DF534C7758B}.Release|Any CPU.ActiveCfg = Release|Any CPU
		{5FF386EF-BFB4-4233-8A1C-8DF534C7758B}.Release|Any CPU.Build.0 = Release|Any CPU
		{94DAA085-3727-4DB2-B459-0048BC16ECF1}.Debug|Any CPU.ActiveCfg = Debug|Any CPU
		{94DAA085-3727-4DB2-B459-0048BC16ECF1}.Debug|Any CPU.Build.0 = Debug|Any CPU
		{94DAA085-3727-4DB2-B459-0048BC16ECF1}.Release|Any CPU.ActiveCfg = Release|Any CPU
		{94DAA085-3727-4DB2-B459-0048BC16ECF1}.Release|Any CPU.Build.0 = Release|Any CPU
	EndGlobalSection
	GlobalSection(SolutionProperties) = preSolution
		HideSolutionNode = FALSE
	EndGlobalSection
	GlobalSection(ExtensibilityGlobals) = postSolution
		SolutionGuid = {382CFAA3-C55E-4EE8-A59B-7D1CCD626E46}
	EndGlobalSection
EndGlobal
